
Microsoft Visual Studio Solution File, Format Version 12.00
Project("{2150E333-8FDC-42A3-9474-1A3956D46DE8}") = "Services", "Services", "{E0265A1C-520E-476E-81DF-CEA33B520CE6}"
EndProject
Project("{2150E333-8FDC-42A3-9474-1A3956D46DE8}") = "Catalog", "Catalog", "{5479DE2D-7E40-412A-B891-B160F2DFB9D7}"
EndProject
Project("{FAE04EC0-301F-11D3-BF4B-00C04F79EFBC}") = "Catalog.API", "Services\Catalog\Catalog.API\Catalog.API.csproj", "{AB24B442-88C2-4377-81AE-BC961FD8B97E}"
EndProject
Project("{2150E333-8FDC-42A3-9474-1A3956D46DE8}") = "BuildingBlocks", "BuildingBlocks", "{D3D3DE72-59F5-4699-9A57-B485FD5B5ABA}"
EndProject
Project("{FAE04EC0-301F-11D3-BF4B-00C04F79EFBC}") = "BuildingBlocks", "BuildingBlocks\BuildingBlocks.csproj", "{E871FA46-0518-4670-B225-4A9EE4D1E571}"
EndProject
Project("{2150E333-8FDC-42A3-9474-1A3956D46DE8}") = "Solution Items", "Solution Items", "{1427286E-5EF7-4544-91E7-59B96B6D2511}"
	ProjectSection(SolutionItems) = preProject
		compose.yaml = compose.yaml
	EndProjectSection
EndProject
Project("{2150E333-8FDC-42A3-9474-1A3956D46DE8}") = "Basket", "Basket", "{BCED35BF-761B-437E-A69A-CE015E675062}"
EndProject
Project("{FAE04EC0-301F-11D3-BF4B-00C04F79EFBC}") = "Basket.API", "Services\Basket\Basket.API\Basket.API.csproj", "{F019A66F-A6B1-407F-AE8C-7DD6CE037FAB}"
EndProject
Project("{2150E333-8FDC-42A3-9474-1A3956D46DE8}") = "Discount", "Discount", "{DFA5642C-EA31-4904-93FD-A7D237E899E1}"
EndProject
Project("{FAE04EC0-301F-11D3-BF4B-00C04F79EFBC}") = "Discount.Grpc", "Services\Discount\Discount.Grpc\Discount.Grpc.csproj", "{5BBBE16B-47B1-4970-93A2-D2D68EC83270}"
EndProject
Project("{2150E333-8FDC-42A3-9474-1A3956D46DE8}") = "Ordering", "Ordering", "{97189527-79BD-437D-885F-7137CEC9C99B}"
EndProject
Project("{FAE04EC0-301F-11D3-BF4B-00C04F79EFBC}") = "Ordering.API", "Services\Ordering\Ordering.API\Ordering.API.csproj", "{E692F6B0-9F4C-4698-BB33-D1917C05D00E}"
EndProject
Project("{FAE04EC0-301F-11D3-BF4B-00C04F79EFBC}") = "Ordering.Domain", "Services\Ordering\Ordering.Domain\Ordering.Domain.csproj", "{25331762-4615-4926-8CD4-9AAFD7F846EC}"
EndProject
Project("{FAE04EC0-301F-11D3-BF4B-00C04F79EFBC}") = "Ordering.Application", "Services\Ordering\Ordering.Application\Ordering.Application.csproj", "{30C69F04-02C6-4FD5-97A6-20783FC19DCE}"
EndProject
Project("{FAE04EC0-301F-11D3-BF4B-00C04F79EFBC}") = "Ordering.Infrastructure", "Services\Ordering\Ordering.Infrastructure\Ordering.Infrastructure.csproj", "{05AF6167-AB49-4551-9B20-321C35549D13}"
EndProject
Project("{FAE04EC0-301F-11D3-BF4B-00C04F79EFBC}") = "BuildingBlocks.Messaging", "BuildinBlocks\BuildingBlocks.Messaging\BuildingBlocks.Messaging.csproj", "{9B3E0903-19BA-4E63-BE62-50A1F8508103}"
EndProject
Global
	GlobalSection(SolutionConfigurationPlatforms) = preSolution
		Debug|Any CPU = Debug|Any CPU
		Release|Any CPU = Release|Any CPU
	EndGlobalSection
	GlobalSection(NestedProjects) = preSolution
		{5479DE2D-7E40-412A-B891-B160F2DFB9D7} = {E0265A1C-520E-476E-81DF-CEA33B520CE6}
		{AB24B442-88C2-4377-81AE-BC961FD8B97E} = {5479DE2D-7E40-412A-B891-B160F2DFB9D7}
		{E871FA46-0518-4670-B225-4A9EE4D1E571} = {D3D3DE72-59F5-4699-9A57-B485FD5B5ABA}
		{BCED35BF-761B-437E-A69A-CE015E675062} = {E0265A1C-520E-476E-81DF-CEA33B520CE6}
		{F019A66F-A6B1-407F-AE8C-7DD6CE037FAB} = {BCED35BF-761B-437E-A69A-CE015E675062}
		{DFA5642C-EA31-4904-93FD-A7D237E899E1} = {E0265A1C-520E-476E-81DF-CEA33B520CE6}
		{5BBBE16B-47B1-4970-93A2-D2D68EC83270} = {DFA5642C-EA31-4904-93FD-A7D237E899E1}
		{97189527-79BD-437D-885F-7137CEC9C99B} = {E0265A1C-520E-476E-81DF-CEA33B520CE6}
		{E692F6B0-9F4C-4698-BB33-D1917C05D00E} = {97189527-79BD-437D-885F-7137CEC9C99B}
		{25331762-4615-4926-8CD4-9AAFD7F846EC} = {97189527-79BD-437D-885F-7137CEC9C99B}
		{30C69F04-02C6-4FD5-97A6-20783FC19DCE} = {97189527-79BD-437D-885F-7137CEC9C99B}
		{05AF6167-AB49-4551-9B20-321C35549D13} = {97189527-79BD-437D-885F-7137CEC9C99B}
		{9B3E0903-19BA-4E63-BE62-50A1F8508103} = {D3D3DE72-59F5-4699-9A57-B485FD5B5ABA}
	EndGlobalSection
	GlobalSection(ProjectConfigurationPlatforms) = postSolution
		{AB24B442-88C2-4377-81AE-BC961FD8B97E}.Debug|Any CPU.ActiveCfg = Debug|Any CPU
		{AB24B442-88C2-4377-81AE-BC961FD8B97E}.Debug|Any CPU.Build.0 = Debug|Any CPU
		{AB24B442-88C2-4377-81AE-BC961FD8B97E}.Release|Any CPU.ActiveCfg = Release|Any CPU
		{AB24B442-88C2-4377-81AE-BC961FD8B97E}.Release|Any CPU.Build.0 = Release|Any CPU
		{E871FA46-0518-4670-B225-4A9EE4D1E571}.Debug|Any CPU.ActiveCfg = Debug|Any CPU
		{E871FA46-0518-4670-B225-4A9EE4D1E571}.Debug|Any CPU.Build.0 = Debug|Any CPU
		{E871FA46-0518-4670-B225-4A9EE4D1E571}.Release|Any CPU.ActiveCfg = Release|Any CPU
		{E871FA46-0518-4670-B225-4A9EE4D1E571}.Release|Any CPU.Build.0 = Release|Any CPU
		{F019A66F-A6B1-407F-AE8C-7DD6CE037FAB}.Debug|Any CPU.ActiveCfg = Debug|Any CPU
		{F019A66F-A6B1-407F-AE8C-7DD6CE037FAB}.Debug|Any CPU.Build.0 = Debug|Any CPU
		{F019A66F-A6B1-407F-AE8C-7DD6CE037FAB}.Release|Any CPU.ActiveCfg = Release|Any CPU
		{F019A66F-A6B1-407F-AE8C-7DD6CE037FAB}.Release|Any CPU.Build.0 = Release|Any CPU
		{5BBBE16B-47B1-4970-93A2-D2D68EC83270}.Debug|Any CPU.ActiveCfg = Debug|Any CPU
		{5BBBE16B-47B1-4970-93A2-D2D68EC83270}.Debug|Any CPU.Build.0 = Debug|Any CPU
		{5BBBE16B-47B1-4970-93A2-D2D68EC83270}.Release|Any CPU.ActiveCfg = Release|Any CPU
		{5BBBE16B-47B1-4970-93A2-D2D68EC83270}.Release|Any CPU.Build.0 = Release|Any CPU
		{E692F6B0-9F4C-4698-BB33-D1917C05D00E}.Debug|Any CPU.ActiveCfg = Debug|Any CPU
		{E692F6B0-9F4C-4698-BB33-D1917C05D00E}.Debug|Any CPU.Build.0 = Debug|Any CPU
		{E692F6B0-9F4C-4698-BB33-D1917C05D00E}.Release|Any CPU.ActiveCfg = Release|Any CPU
		{E692F6B0-9F4C-4698-BB33-D1917C05D00E}.Release|Any CPU.Build.0 = Release|Any CPU
		{25331762-4615-4926-8CD4-9AAFD7F846EC}.Debug|Any CPU.ActiveCfg = Debug|Any CPU
		{25331762-4615-4926-8CD4-9AAFD7F846EC}.Debug|Any CPU.Build.0 = Debug|Any CPU
		{25331762-4615-4926-8CD4-9AAFD7F846EC}.Release|Any CPU.ActiveCfg = Release|Any CPU
		{25331762-4615-4926-8CD4-9AAFD7F846EC}.Release|Any CPU.Build.0 = Release|Any CPU
		{30C69F04-02C6-4FD5-97A6-20783FC19DCE}.Debug|Any CPU.ActiveCfg = Debug|Any CPU
		{30C69F04-02C6-4FD5-97A6-20783FC19DCE}.Debug|Any CPU.Build.0 = Debug|Any CPU
		{30C69F04-02C6-4FD5-97A6-20783FC19DCE}.Release|Any CPU.ActiveCfg = Release|Any CPU
		{30C69F04-02C6-4FD5-97A6-20783FC19DCE}.Release|Any CPU.Build.0 = Release|Any CPU
		{05AF6167-AB49-4551-9B20-321C35549D13}.Debug|Any CPU.ActiveCfg = Debug|Any CPU
		{05AF6167-AB49-4551-9B20-321C35549D13}.Debug|Any CPU.Build.0 = Debug|Any CPU
		{05AF6167-AB49-4551-9B20-321C35549D13}.Release|Any CPU.ActiveCfg = Release|Any CPU
		{05AF6167-AB49-4551-9B20-321C35549D13}.Release|Any CPU.Build.0 = Release|Any CPU
		{9B3E0903-19BA-4E63-BE62-50A1F8508103}.Debug|Any CPU.ActiveCfg = Debug|Any CPU
		{9B3E0903-19BA-4E63-BE62-50A1F8508103}.Debug|Any CPU.Build.0 = Debug|Any CPU
		{9B3E0903-19BA-4E63-BE62-50A1F8508103}.Release|Any CPU.ActiveCfg = Release|Any CPU
		{9B3E0903-19BA-4E63-BE62-50A1F8508103}.Release|Any CPU.Build.0 = Release|Any CPU
	EndGlobalSection
EndGlobal
